github.com/go-webgpu/goffi v0.3.9 h1:dD1F7GZQV54ET6Fdcb+4776W1/OfbSb9DOJADVZEQLc=
github.com/go-webgpu/goffi v0.3.9/go.mod h1:wfoxNsJkU+5RFbV1kNN1kunhc1lFHuJKK3zpgx08/uM=
github.com/gogpu/gputypes v0.2.0 h1:Quv3ekiU12zK4ZhBZsSZmalHYc+zj2gr9ZWRyzKgkKk=
github.com/gogpu/gputypes v0.2.0/go.mod h1:cnXrDMwTpWTvJLW1Vreop3PcT6a2YP/i3s91rPaOavw=
golang.org/x/sys v0.40.0 h1:DBZZqJ2Rkml6QMQsZywtnjnnGvHza6BTfYFWY9kjEWQ=
golang.org/x/sys v0.40.0/go.mod h1:OgkHotnGiDImocRcuBABYBEXf8A9a87e/uXjp9XT3ks=
